
Microsoft Visual Studio Solution File, Format Version 12.00
# Visual Studio Version 16
VisualStudioVersion = 16.0.30204.135
MinimumVisualStudioVersion = 10.0.40219.1
Project("{00D1A9C2-B5F0-4AF3-8072-F6C62B433612}") = "Database", "Database\Database.sqlproj", "{5981E958-4D38-43EC-A9EE-DE4CA17A3BA0}"
EndProject
Global
	GlobalSection(SolutionConfigurationPlatforms) = preSolution
		Debug|Any CPU = Debug|Any CPU
		Release|Any CPU = Release|Any CPU
	EndGlobalSection
	GlobalSection(ProjectConfigurationPlatforms) = postSolution
		{5981E958-4D38-43EC-A9EE-DE4CA17A3BA0}.Debug|Any CPU.ActiveCfg = Debug|Any CPU
		{5981E958-4D38-43EC-A9EE-DE4CA17A3BA0}.Debug|Any CPU.Build.0 = Debug|Any CPU
		{5981E958-4D38-43EC-A9EE-DE4CA17A3BA0}.Debug|Any CPU.Deploy.0 = Debug|Any CPU
		{5981E958-4D38-43EC-A9EE-DE4CA17A3BA0}.Release|Any CPU.ActiveCfg = Release|Any CPU
		{5981E958-4D38-43EC-A9EE-DE4CA17A3BA0}.Release|Any CPU.Build.0 = Release|Any CPU
		{5981E958-4D38-43EC-A9EE-DE4CA17A3BA0}.Release|Any CPU.Deploy.0 = Release|Any CPU
	EndGlobalSection
	GlobalSection(SolutionProperties) = preSolution
		HideSolutionNode = FALSE
	EndGlobalSection
	GlobalSection(ExtensibilityGlobals) = postSolution
		SolutionGuid = {BFE56B51-8E57-4F1C-9394-EC7D8BAD5C55}
	EndGlobalSection
EndGlobal
